// !$*UTF8*$!
{
	archiveVersion = 1;
	classes = {
	};
	objectVersion = 46;
	objects = {

/* Begin PBXBuildFile section */
		984EDE071A1B758100F12B96 /* AppDelegate.swift in Sources */ = {isa = PBXBuildFile; fileRef = 984EDE061A1B758100F12B96 /* AppDelegate.swift */; };
		984EDE091A1B758100F12B96 /* ViewController.swift in Sources */ = {isa = PBXBuildFile; fileRef = 984EDE081A1B758100F12B96 /* ViewController.swift */; };
		984EDE0B1A1B758100F12B96 /* Images.xcassets in Resources */ = {isa = PBXBuildFile; fileRef = 984EDE0A1A1B758100F12B96 /* Images.xcassets */; };
		984EDE0E1A1B758100F12B96 /* Main.storyboard in Resources */ = {isa = PBXBuildFile; fileRef = 984EDE0C1A1B758100F12B96 /* Main.storyboard */; };
		984EDE1A1A1B758100F12B96 /* Clip_Tests.swift in Sources */ = {isa = PBXBuildFile; fileRef = 984EDE191A1B758100F12B96 /* Clip_Tests.swift */; };
		984EDE261A1B77C000F12B96 /* Algorithm.m in Sources */ = {isa = PBXBuildFile; fileRef = 984EDE251A1B77C000F12B96 /* Algorithm.m */; };
		984EDE2B1A1B7B0400F12B96 /* GTMBase64.m in Sources */ = {isa = PBXBuildFile; fileRef = 984EDE291A1B7B0400F12B96 /* GTMBase64.m */; };
		98C647E71A1CCA8F0047E9BD /* Public.swift in Sources */ = {isa = PBXBuildFile; fileRef = 98C647E61A1CCA8F0047E9BD /* Public.swift */; };
/* End PBXBuildFile section */

/* Begin PBXContainerItemProxy section */
		984EDE141A1B758100F12B96 /* PBXContainerItemProxy */ = {
			isa = PBXContainerItemProxy;
			containerPortal = 984EDDF91A1B758100F12B96 /* Project object */;
			proxyType = 1;
			remoteGlobalIDString = 984EDE001A1B758100F12B96;
			remoteInfo = "Clip+";
		};
/* End PBXContainerItemProxy section */

/* Begin PBXFileReference section */
		984EDE011A1B758100F12B96 /* Clip+.app */ = {isa = PBXFileReference; explicitFileType = wrapper.application; includeInIndex = 0; path = "Clip+.app"; sourceTree = BUILT_PRODUCTS_DIR; };
		984EDE051A1B758100F12B96 /* Info.plist */ = {isa = PBXFileReference; lastKnownFileType = text.plist.xml; path = Info.plist; sourceTree = "<group>"; };
		984EDE061A1B758100F12B96 /* AppDelegate.swift */ = {isa = PBXFileReference; lastKnownFileType = sourcecode.swift; path = AppDelegate.swift; sourceTree = "<group>"; };
		984EDE081A1B758100F12B96 /* ViewController.swift */ = {isa = PBXFileReference; lastKnownFileType = sourcecode.swift; path = ViewController.swift; sourceTree = "<group>"; };
		984EDE0A1A1B758100F12B96 /* Images.xcassets */ = {isa = PBXFileReference; lastKnownFileType = folder.assetcatalog; path = Images.xcassets; sourceTree = "<group>"; };
		984EDE0D1A1B758100F12B96 /* Base */ = {isa = PBXFileReference; lastKnownFileType = file.storyboard; name = Base; path = Base.lproj/Main.storyboard; sourceTree = "<group>"; };
		984EDE131A1B758100F12B96 /* Clip+Tests.xctest */ = {isa = PBXFileReference; explicitFileType = wrapper.cfbundle; includeInIndex = 0; path = "Clip+Tests.xctest"; sourceTree = BUILT_PRODUCTS_DIR; };
		984EDE181A1B758100F12B96 /* Info.plist */ = {isa = PBXFileReference; lastKnownFileType = text.plist.xml; path = Info.plist; sourceTree = "<group>"; };
		984EDE191A1B758100F12B96 /* Clip_Tests.swift */ = {isa = PBXFileReference; lastKnownFileType = sourcecode.swift; path = Clip_Tests.swift; sourceTree = "<group>"; };
		984EDE231A1B77B100F12B96 /* bridge_header.h */ = {isa = PBXFileReference; fileEncoding = 4; lastKnownFileType = sourcecode.c.h; path = bridge_header.h; sourceTree = "<group>"; };
		984EDE241A1B77C000F12B96 /* Algorithm.h */ = {isa = PBXFileReference; fileEncoding = 4; lastKnownFileType = sourcecode.c.h; path = Algorithm.h; sourceTree = "<group>"; };
		984EDE251A1B77C000F12B96 /* Algorithm.m */ = {isa = PBXFileReference; fileEncoding = 4; lastKnownFileType = sourcecode.c.objc; path = Algorithm.m; sourceTree = "<group>"; };
		984EDE281A1B7B0400F12B96 /* GTMBase64.h */ = {isa = PBXFileReference; fileEncoding = 4; lastKnownFileType = sourcecode.c.h; path = GTMBase64.h; sourceTree = "<group>"; };
		984EDE291A1B7B0400F12B96 /* GTMBase64.m */ = {isa = PBXFileReference; fileEncoding = 4; lastKnownFileType = sourcecode.c.objc; path = GTMBase64.m; sourceTree = "<group>"; };
		984EDE2A1A1B7B0400F12B96 /* GTMDefines.h */ = {isa = PBXFileReference; fileEncoding = 4; lastKnownFileType = sourcecode.c.h; path = GTMDefines.h; sourceTree = "<group>"; };
		98C647E61A1CCA8F0047E9BD /* Public.swift */ = {isa = PBXFileReference; fileEncoding = 4; lastKnownFileType = sourcecode.swift; path = Public.swift; sourceTree = "<group>"; };
/* End PBXFileReference section */

/* Begin PBXFrameworksBuildPhase section */
		984EDDFE1A1B758100F12B96 /* Frameworks */ = {
			isa = PBXFrameworksBuildPhase;
			buildActionMask = 2147483647;
			files = (
			);
			runOnlyForDeploymentPostprocessing = 0;
		};
		984EDE101A1B758100F12B96 /* Frameworks */ = {
			isa = PBXFrameworksBuildPhase;
			buildActionMask = 2147483647;
			files = (
			);
			runOnlyForDeploymentPostprocessing = 0;
		};
/* End PBXFrameworksBuildPhase section */

/* Begin PBXGroup section */
		984EDDF81A1B758100F12B96 = {
			isa = PBXGroup;
			children = (
				984EDE231A1B77B100F12B96 /* bridge_header.h */,
				984EDE031A1B758100F12B96 /* Clip+ */,
				984EDE161A1B758100F12B96 /* Clip+Tests */,
				984EDE021A1B758100F12B96 /* Products */,
			);
			sourceTree = "<group>";
		};
		984EDE021A1B758100F12B96 /* Products */ = {
			isa = PBXGroup;
			children = (
				984EDE011A1B758100F12B96 /* Clip+.app */,
				984EDE131A1B758100F12B96 /* Clip+Tests.xctest */,
			);
			name = Products;
			sourceTree = "<group>";
		};
		984EDE031A1B758100F12B96 /* Clip+ */ = {
			isa = PBXGroup;
			children = (
				984EDE271A1B7B0400F12B96 /* GTMBase64 */,
				984EDE241A1B77C000F12B96 /* Algorithm.h */,
				984EDE251A1B77C000F12B96 /* Algorithm.m */,
				98C647E61A1CCA8F0047E9BD /* Public.swift */,
				984EDE061A1B758100F12B96 /* AppDelegate.swift */,
				984EDE081A1B758100F12B96 /* ViewController.swift */,
				984EDE0A1A1B758100F12B96 /* Images.xcassets */,
				984EDE0C1A1B758100F12B96 /* Main.storyboard */,
				984EDE041A1B758100F12B96 /* Supporting Files */,
			);
			path = "Clip+";
			sourceTree = "<group>";
		};
		984EDE041A1B758100F12B96 /* Supporting Files */ = {
			isa = PBXGroup;
			children = (
				984EDE051A1B758100F12B96 /* Info.plist */,
			);
			name = "Supporting Files";
			sourceTree = "<group>";
		};
		984EDE161A1B758100F12B96 /* Clip+Tests */ = {
			isa = PBXGroup;
			children = (
				984EDE191A1B758100F12B96 /* Clip_Tests.swift */,
				984EDE171A1B758100F12B96 /* Supporting Files */,
			);
			path = "Clip+Tests";
			sourceTree = "<group>";
		};
		984EDE171A1B758100F12B96 /* Supporting Files */ = {
			isa = PBXGroup;
			children = (
				984EDE181A1B758100F12B96 /* Info.plist */,
			);
			name = "Supporting Files";
			sourceTree = "<group>";
		};
		984EDE271A1B7B0400F12B96 /* GTMBase64 */ = {
			isa = PBXGroup;
			children = (
				984EDE281A1B7B0400F12B96 /* GTMBase64.h */,
				984EDE291A1B7B0400F12B96 /* GTMBase64.m */,
				984EDE2A1A1B7B0400F12B96 /* GTMDefines.h */,
			);
			path = GTMBase64;
			sourceTree = "<group>";
		};
/* End PBXGroup section */

/* Begin PBXNativeTarget section */
		984EDE001A1B758100F12B96 /* Clip+ */ = {
			isa = PBXNativeTarget;
			buildConfigurationList = 984EDE1D1A1B758100F12B96 /* Build configuration list for PBXNativeTarget "Clip+" */;
			buildPhases = (
				984EDDFD1A1B758100F12B96 /* Sources */,
				984EDDFE1A1B758100F12B96 /* Frameworks */,
				984EDDFF1A1B758100F12B96 /* Resources */,
			);
			buildRules = (
			);
			dependencies = (
			);
			name = "Clip+";
			productName = "Clip+";
			productReference = 984EDE011A1B758100F12B96 /* Clip+.app */;
			productType = "com.apple.product-type.application";
		};
		984EDE121A1B758100F12B96 /* Clip+Tests */ = {
			isa = PBXNativeTarget;
			buildConfigurationList = 984EDE201A1B758100F12B96 /* Build configuration list for PBXNativeTarget "Clip+Tests" */;
			buildPhases = (
				984EDE0F1A1B758100F12B96 /* Sources */,
				984EDE101A1B758100F12B96 /* Frameworks */,
				984EDE111A1B758100F12B96 /* Resources */,
			);
			buildRules = (
			);
			dependencies = (
				984EDE151A1B758100F12B96 /* PBXTargetDependency */,
			);
			name = "Clip+Tests";
			productName = "Clip+Tests";
			productReference = 984EDE131A1B758100F12B96 /* Clip+Tests.xctest */;
			productType = "com.apple.product-type.bundle.unit-test";
		};
/* End PBXNativeTarget section */

/* Begin PBXProject section */
		984EDDF91A1B758100F12B96 /* Project object */ = {
			isa = PBXProject;
			attributes = {
				LastUpgradeCheck = 0610;
				ORGANIZATIONNAME = "张宏台";
				TargetAttributes = {
					984EDE001A1B758100F12B96 = {
						CreatedOnToolsVersion = 6.1;
					};
					984EDE121A1B758100F12B96 = {
						CreatedOnToolsVersion = 6.1;
						TestTargetID = 984EDE001A1B758100F12B96;
					};
				};
			};
			buildConfigurationList = 984EDDFC1A1B758100F12B96 /* Build configuration list for PBXProject "Clip+" */;
			compatibilityVersion = "Xcode 3.2";
			developmentRegion = English;
			hasScannedForEncodings = 0;
			knownRegions = (
				en,
				Base,
			);
			mainGroup = 984EDDF81A1B758100F12B96;
			productRefGroup = 984EDE021A1B758100F12B96 /* Products */;
			projectDirPath = "";
			projectRoot = "";
			targets = (
				984EDE001A1B758100F12B96 /* Clip+ */,
				984EDE121A1B758100F12B96 /* Clip+Tests */,
			);
		};
/* End PBXProject section */

/* Begin PBXResourcesBuildPhase section */
		984EDDFF1A1B758100F12B96 /* Resources */ = {
			isa = PBXResourcesBuildPhase;
			buildActionMask = 2147483647;
			files = (
				984EDE0B1A1B758100F12B96 /* Images.xcassets in Resources */,
				984EDE0E1A1B758100F12B96 /* Main.storyboard in Resources */,
			);
			runOnlyForDeploymentPostprocessing = 0;
		};
		984EDE111A1B758100F12B96 /* Resources */ = {
			isa = PBXResourcesBuildPhase;
			buildActionMask = 2147483647;
			files = (
			);
			runOnlyForDeploymentPostprocessing = 0;
		};
/* End PBXResourcesBuildPhase section */

/* Begin PBXSourcesBuildPhase section */
		984EDDFD1A1B758100F12B96 /* Sources */ = {
			isa = PBXSourcesBuildPhase;
			buildActionMask = 2147483647;
			files = (
				984EDE091A1B758100F12B96 /* ViewController.swift in Sources */,
				984EDE261A1B77C000F12B96 /* Algorithm.m in Sources */,
				98C647E71A1CCA8F0047E9BD /* Public.swift in Sources */,
				984EDE071A1B758100F12B96 /* AppDelegate.swift in Sources */,
				984EDE2B1A1B7B0400F12B96 /* GTMBase64.m in Sources */,
			);
			runOnlyForDeploymentPostprocessing = 0;
		};
		984EDE0F1A1B758100F12B96 /* Sources */ = {
			isa = PBXSourcesBuildPhase;
			buildActionMask = 2147483647;
			files = (
				984EDE1A1A1B758100F12B96 /* Clip_Tests.swift in Sources */,
			);
			runOnlyForDeploymentPostprocessing = 0;
		};
/* End PBXSourcesBuildPhase section */

/* Begin PBXTargetDependency section */
		984EDE151A1B758100F12B96 /* PBXTargetDependency */ = {
			isa = PBXTargetDependency;
			target = 984EDE001A1B758100F12B96 /* Clip+ */;
			targetProxy = 984EDE141A1B758100F12B96 /* PBXContainerItemProxy */;
		};
/* End PBXTargetDependency section */

/* Begin PBXVariantGroup section */
		984EDE0C1A1B758100F12B96 /* Main.storyboard */ = {
			isa = PBXVariantGroup;
			children = (
				984EDE0D1A1B758100F12B96 /* Base */,
			);
			name = Main.storyboard;
			sourceTree = "<group>";
		};
/* End PBXVariantGroup section */

/* Begin XCBuildConfiguration section */
		984EDE1B1A1B758100F12B96 /* Debug */ = {
			isa = XCBuildConfiguration;
			buildSettings = {
				ALWAYS_SEARCH_USER_PATHS = NO;
				CLANG_CXX_LANGUAGE_STANDARD = "gnu++0x";
				CLANG_CXX_LIBRARY = "libc++";
				CLANG_ENABLE_MODULES = YES;
				CLANG_ENABLE_OBJC_ARC = YES;
				CLANG_WARN_BOOL_CONVERSION = YES;
				CLANG_WARN_CONSTANT_CONVERSION = YES;
				CLANG_WARN_DIRECT_OBJC_ISA_USAGE = YES_ERROR;
				CLANG_WARN_EMPTY_BODY = YES;
				CLANG_WARN_ENUM_CONVERSION = YES;
				CLANG_WARN_INT_CONVERSION = YES;
				CLANG_WARN_OBJC_ROOT_CLASS = YES_ERROR;
				CLANG_WARN_UNREACHABLE_CODE = YES;
				CLANG_WARN__DUPLICATE_METHOD_MATCH = YES;
				CODE_SIGN_IDENTITY = "-";
				COPY_PHASE_STRIP = NO;
				ENABLE_STRICT_OBJC_MSGSEND = YES;
				GCC_C_LANGUAGE_STANDARD = gnu99;
				GCC_DYNAMIC_NO_PIC = NO;
				GCC_OPTIMIZATION_LEVEL = 0;
				GCC_PREPROCESSOR_DEFINITIONS = (
					"DEBUG=1",
					"$(inherited)",
				);
				GCC_SYMBOLS_PRIVATE_EXTERN = NO;
				GCC_WARN_64_TO_32_BIT_CONVERSION = YES;
				GCC_WARN_ABOUT_RETURN_TYPE = YES_ERROR;
				GCC_WARN_UNDECLARED_SELECTOR = YES;
				GCC_WARN_UNINITIALIZED_AUTOS = YES_AGGRESSIVE;
				GCC_WARN_UNUSED_FUNCTION = YES;
				GCC_WARN_UNUSED_VARIABLE = YES;
				MACOSX_DEPLOYMENT_TARGET = 10.10;
				MTL_ENABLE_DEBUG_INFO = YES;
				ONLY_ACTIVE_ARCH = YES;
				SDKROOT = macosx;
				SWIFT_OPTIMIZATION_LEVEL = "-Onone";
			};
			name = Debug;
		};
		984EDE1C1A1B758100F12B96 /* Release */ = {
			isa = XCBuildConfiguration;
			buildSettings = {
				ALWAYS_SEARCH_USER_PATHS = NO;
				CLANG_CXX_LANGUAGE_STANDARD = "gnu++0x";
				CLANG_CXX_LIBRARY = "libc++";
				CLANG_ENABLE_MODULES = YES;
				CLANG_ENABLE_OBJC_ARC = YES;
				CLANG_WARN_BOOL_CONVERSION = YES;
				CLANG_WARN_CONSTANT_CONVERSION = YES;
				CLANG_WARN_DIRECT_OBJC_ISA_USAGE = YES_ERROR;
				CLANG_WARN_EMPTY_BODY = YES;
				CLANG_WARN_ENUM_CONVERSION = YES;
				CLANG_WARN_INT_CONVERSION = YES;
				CLANG_WARN_OBJC_ROOT_CLASS = YES_ERROR;
				CLANG_WARN_UNREACHABLE_CODE = YES;
				CLANG_WARN__DUPLICATE_METHOD_MATCH = YES;
				CODE_SIGN_IDENTITY = "-";
				COPY_PHASE_STRIP = YES;
				DEBUG_INFORMATION_FORMAT = "dwarf-with-dsym";
				ENABLE_NS_ASSERTIONS = NO;
				ENABLE_STRICT_OBJC_MSGSEND = YES;
				GCC_C_LANGUAGE_STANDARD = gnu99;
				GCC_WARN_64_TO_32_BIT_CONVERSION = YES;
				GCC_WARN_ABOUT_RETURN_TYPE = YES_ERROR;
				GCC_WARN_UNDECLARED_SELECTOR = YES;
				GCC_WARN_UNINITIALIZED_AUTOS = YES_AGGRESSIVE;
				GCC_WARN_UNUSED_FUNCTION = YES;
				GCC_WARN_UNUSED_VARIABLE = YES;
				MACOSX_DEPLOYMENT_TARGET = 10.10;
				MTL_ENABLE_DEBUG_INFO = NO;
				SDKROOT = macosx;
			};
			name = Release;
		};
		984EDE1E1A1B758100F12B96 /* Debug */ = {
			isa = XCBuildConfiguration;
			buildSettings = {
				ASSETCATALOG_COMPILER_APPICON_NAME = AppIcon;
				COMBINE_HIDPI_IMAGES = YES;
				INFOPLIST_FILE = "Clip+/Info.plist";
				LD_RUNPATH_SEARCH_PATHS = "$(inherited) @executable_path/../Frameworks";
				PRODUCT_NAME = "$(TARGET_NAME)";
				SWIFT_OBJC_BRIDGING_HEADER = bridge_header.h;
			};
			name = Debug;
		};
		984EDE1F1A1B758100F12B96 /* Release */ = {
			isa = XCBuildConfiguration;
			buildSettings = {
				ASSETCATALOG_COMPILER_APPICON_NAME = AppIcon;
				COMBINE_HIDPI_IMAGES = YES;
				INFOPLIST_FILE = "Clip+/Info.plist";
				LD_RUNPATH_SEARCH_PATHS = "$(inherited) @executable_path/../Frameworks";
				PRODUCT_NAME = "$(TARGET_NAME)";
				SWIFT_OBJC_BRIDGING_HEADER = bridge_header.h;
			};
			name = Release;
		};
		984EDE211A1B758100F12B96 /* Debug */ = {
			isa = XCBuildConfiguration;
			buildSettings = {
				BUNDLE_LOADER = "$(TEST_HOST)";
				COMBINE_HIDPI_IMAGES = YES;
				FRAMEWORK_SEARCH_PATHS = (
					"$(DEVELOPER_FRAMEWORKS_DIR)",
					"$(inherited)",
				);
				GCC_PREPROCESSOR_DEFINITIONS = (
					"DEBUG=1",
					"$(inherited)",
				);
				INFOPLIST_FILE = "Clip+Tests/Info.plist";
				LD_RUNPATH_SEARCH_PATHS = "$(inherited) @executable_path/../Frameworks @loader_path/../Frameworks";
				PRODUCT_NAME = "$(TARGET_NAME)";
				TEST_HOST = "$(BUILT_PRODUCTS_DIR)/Clip+.app/Contents/MacOS/Clip+";
			};
			name = Debug;
		};
		984EDE221A1B758100F12B96 /* Release */ = {
			isa = XCBuildConfiguration;
			buildSettings = {
				BUNDLE_LOADER = "$(TEST_HOST)";
				COMBINE_HIDPI_IMAGES = YES;
				FRAMEWORK_SEARCH_PATHS = (
					"$(DEVELOPER_FRAMEWORKS_DIR)",
					"$(inherited)",
				);
				INFOPLIST_FILE = "Clip+Tests/Info.plist";
				LD_RUNPATH_SEARCH_PATHS = "$(inherited) @executable_path/../Frameworks @loader_path/../Frameworks";
				PRODUCT_NAME = "$(TARGET_NAME)";
				TEST_HOST = "$(BUILT_PRODUCTS_DIR)/Clip+.app/Contents/MacOS/Clip+";
			};
			name = Release;
		};
/* End XCBuildConfiguration section */

/* Begin XCConfigurationList section */
		984EDDFC1A1B758100F12B96 /* Build configuration list for PBXProject "Clip+" */ = {
			isa = XCConfigurationList;
			buildConfigurations = (
				984EDE1B1A1B758100F12B96 /* Debug */,
				984EDE1C1A1B758100F12B96 /* Release */,
			);
			defaultConfigurationIsVisible = 0;
			defaultConfigurationName = Release;
		};
		984EDE1D1A1B758100F12B96 /* Build configuration list for PBXNativeTarget "Clip+" */ = {
			isa = XCConfigurationList;
			buildConfigurations = (
				984EDE1E1A1B758100F12B96 /* Debug */,
				984EDE1F1A1B758100F12B96 /* Release */,
			);
			defaultConfigurationIsVisible = 0;
			defaultConfigurationName = Release;
		};
		984EDE201A1B758100F12B96 /* Build configuration list for PBXNativeTarget "Clip+Tests" */ = {
			isa = XCConfigurationList;
			buildConfigurations = (
				984EDE211A1B758100F12B96 /* Debug */,
				984EDE221A1B758100F12B96 /* Release */,
			);
			defaultConfigurationIsVisible = 0;
			defaultConfigurationName = Release;
		};
/* End XCConfigurationList section */
	};
	rootObject = 984EDDF91A1B758100F12B96 /* Project object */;
}
